<?xml version="1.0" encoding="utf-8"?>
<Project ToolsVersion="17.0" xmlns="http://schemas.microsoft.com/developer/msbuild/2003">
  <ItemGroup>
    <CustomBuild Include="C:\game_project_new_2025_ss02\frame_creator_v2\windows\build_test\CMakeFiles\6fdce372695fc62f051ea36627e98ae3\INSTALL_force.rule">
      <Filter>CMake Rules</Filter>
    </CustomBuild>
  </ItemGroup>
  <ItemGroup>
    <Filter Include="CMake Rules">
      <UniqueIdentifier>{0E8D8AA0-8C31-3242-92D7-3AD8EC1058C4}</UniqueIdentifier>
    </Filter>
  </ItemGroup>
</Project>
