
Microsoft Visual Studio Solution File, Format Version 12.00
# Visual Studio Version 17
Project("{8BC9CEB8-8B4A-11D0-8D11-00A0C91BC942}") = "ALL_BUILD", "ALL_BUILD.vcxproj", "{E2641DFE-85D4-3357-903D-9739ACA139D5}"
	ProjectSection(ProjectDependencies) = postProject
		{5A8EAFC3-2CED-3CED-861E-B0C7E948A097} = {5A8EAFC3-2CED-3CED-861E-B0C7E948A097}
		{463646B7-A0D5-33DA-BA6F-20D5F9E9FCFC} = {463646B7-A0D5-33DA-BA6F-20D5F9E9FCFC}
	EndProjectSection
EndProject
Project("{8BC9CEB8-8B4A-11D0-8D11-00A0C91BC942}") = "INSTALL", "INSTALL.vcxproj", "{3AB9B6E3-520B-360A-BD18-4D90717713C9}"
	ProjectSection(ProjectDependencies) = postProject
		{E2641DFE-85D4-3357-903D-9739ACA139D5} = {E2641DFE-85D4-3357-903D-9739ACA139D5}
		{5A8EAFC3-2CED-3CED-861E-B0C7E948A097} = {5A8EAFC3-2CED-3CED-861E-B0C7E948A097}
	EndProjectSection
EndProject
Project("{8BC9CEB8-8B4A-11D0-8D11-00A0C91BC942}") = "ZERO_CHECK", "..\\ZERO_CHECK.vcxproj", "{5A8EAFC3-2CED-3CED-861E-B0C7E948A097}"
	ProjectSection(ProjectDependencies) = postProject
	EndProjectSection
EndProject
Project("{8BC9CEB8-8B4A-11D0-8D11-00A0C91BC942}") = "flutter_assemble", "..\flutter\flutter_assemble.vcxproj", "{FB7E13C4-F3B2-3DA9-B200-4AF59BA0804F}"
	ProjectSection(ProjectDependencies) = postProject
		{5A8EAFC3-2CED-3CED-861E-B0C7E948A097} = {5A8EAFC3-2CED-3CED-861E-B0C7E948A097}
	EndProjectSection
EndProject
Project("{8BC9CEB8-8B4A-11D0-8D11-00A0C91BC942}") = "flutter_wrapper_app", "..\flutter\flutter_wrapper_app.vcxproj", "{30F2B157-1F90-3614-89B1-487B78BBC23D}"
	ProjectSection(ProjectDependencies) = postProject
		{5A8EAFC3-2CED-3CED-861E-B0C7E948A097} = {5A8EAFC3-2CED-3CED-861E-B0C7E948A097}
		{FB7E13C4-F3B2-3DA9-B200-4AF59BA0804F} = {FB7E13C4-F3B2-3DA9-B200-4AF59BA0804F}
	EndProjectSection
EndProject
Project("{8BC9CEB8-8B4A-11D0-8D11-00A0C91BC942}") = "frame_creator_v2", "frame_creator_v2.vcxproj", "{463646B7-A0D5-33DA-BA6F-20D5F9E9FCFC}"
	ProjectSection(ProjectDependencies) = postProject
		{5A8EAFC3-2CED-3CED-861E-B0C7E948A097} = {5A8EAFC3-2CED-3CED-861E-B0C7E948A097}
		{FB7E13C4-F3B2-3DA9-B200-4AF59BA0804F} = {FB7E13C4-F3B2-3DA9-B200-4AF59BA0804F}
		{30F2B157-1F90-3614-89B1-487B78BBC23D} = {30F2B157-1F90-3614-89B1-487B78BBC23D}
	EndProjectSection
EndProject
Global
	GlobalSection(SolutionConfigurationPlatforms) = preSolution
		Debug|x64 = Debug|x64
		Profile|x64 = Profile|x64
		Release|x64 = Release|x64
	EndGlobalSection
	GlobalSection(ProjectConfigurationPlatforms) = postSolution
		{E2641DFE-85D4-3357-903D-9739ACA139D5}.Debug|x64.ActiveCfg = Debug|x64
		{E2641DFE-85D4-3357-903D-9739ACA139D5}.Debug|x64.Build.0 = Debug|x64
		{E2641DFE-85D4-3357-903D-9739ACA139D5}.Profile|x64.ActiveCfg = Profile|x64
		{E2641DFE-85D4-3357-903D-9739ACA139D5}.Profile|x64.Build.0 = Profile|x64
		{E2641DFE-85D4-3357-903D-9739ACA139D5}.Release|x64.ActiveCfg = Release|x64
		{E2641DFE-85D4-3357-903D-9739ACA139D5}.Release|x64.Build.0 = Release|x64
		{3AB9B6E3-520B-360A-BD18-4D90717713C9}.Debug|x64.ActiveCfg = Debug|x64
		{3AB9B6E3-520B-360A-BD18-4D90717713C9}.Profile|x64.ActiveCfg = Profile|x64
		{3AB9B6E3-520B-360A-BD18-4D90717713C9}.Release|x64.ActiveCfg = Release|x64
		{5A8EAFC3-2CED-3CED-861E-B0C7E948A097}.Debug|x64.ActiveCfg = Debug|x64
		{5A8EAFC3-2CED-3CED-861E-B0C7E948A097}.Debug|x64.Build.0 = Debug|x64
		{5A8EAFC3-2CED-3CED-861E-B0C7E948A097}.Profile|x64.ActiveCfg = Profile|x64
		{5A8EAFC3-2CED-3CED-861E-B0C7E948A097}.Profile|x64.Build.0 = Profile|x64
		{5A8EAFC3-2CED-3CED-861E-B0C7E948A097}.Release|x64.ActiveCfg = Release|x64
		{5A8EAFC3-2CED-3CED-861E-B0C7E948A097}.Release|x64.Build.0 = Release|x64
		{FB7E13C4-F3B2-3DA9-B200-4AF59BA0804F}.Debug|x64.ActiveCfg = Debug|x64
		{FB7E13C4-F3B2-3DA9-B200-4AF59BA0804F}.Debug|x64.Build.0 = Debug|x64
		{FB7E13C4-F3B2-3DA9-B200-4AF59BA0804F}.Profile|x64.ActiveCfg = Profile|x64
		{FB7E13C4-F3B2-3DA9-B200-4AF59BA0804F}.Profile|x64.Build.0 = Profile|x64
		{FB7E13C4-F3B2-3DA9-B200-4AF59BA0804F}.Release|x64.ActiveCfg = Release|x64
		{FB7E13C4-F3B2-3DA9-B200-4AF59BA0804F}.Release|x64.Build.0 = Release|x64
		{30F2B157-1F90-3614-89B1-487B78BBC23D}.Debug|x64.ActiveCfg = Debug|x64
		{30F2B157-1F90-3614-89B1-487B78BBC23D}.Debug|x64.Build.0 = Debug|x64
		{30F2B157-1F90-3614-89B1-487B78BBC23D}.Profile|x64.ActiveCfg = Profile|x64
		{30F2B157-1F90-3614-89B1-487B78BBC23D}.Profile|x64.Build.0 = Profile|x64
		{30F2B157-1F90-3614-89B1-487B78BBC23D}.Release|x64.ActiveCfg = Release|x64
		{30F2B157-1F90-3614-89B1-487B78BBC23D}.Release|x64.Build.0 = Release|x64
		{463646B7-A0D5-33DA-BA6F-20D5F9E9FCFC}.Debug|x64.ActiveCfg = Debug|x64
		{463646B7-A0D5-33DA-BA6F-20D5F9E9FCFC}.Debug|x64.Build.0 = Debug|x64
		{463646B7-A0D5-33DA-BA6F-20D5F9E9FCFC}.Profile|x64.ActiveCfg = Profile|x64
		{463646B7-A0D5-33DA-BA6F-20D5F9E9FCFC}.Profile|x64.Build.0 = Profile|x64
		{463646B7-A0D5-33DA-BA6F-20D5F9E9FCFC}.Release|x64.ActiveCfg = Release|x64
		{463646B7-A0D5-33DA-BA6F-20D5F9E9FCFC}.Release|x64.Build.0 = Release|x64
	EndGlobalSection
	GlobalSection(ExtensibilityGlobals) = postSolution
		SolutionGuid = {0142C57E-8883-3ABD-AB35-CE99A9F074B6}
	EndGlobalSection
	GlobalSection(ExtensibilityAddIns) = postSolution
	EndGlobalSection
EndGlobal
